# THIS IS AN AUTOGENERATED FILE. DO NOT EDIT THIS FILE DIRECTLY.
# yarn lockfile v1


chawan@^1.0.1:
  version "1.0.3"
  resolved "https://registry.yarnpkg.com/chawan/-/chawan-1.0.3.tgz#082f3eb826ff7066a7cd4e7d9c08fa0a4fbe334f"
  integrity sha512-eQmPUY5nPHoFTayVXI8VwWIK9Svko14YrUU99bCNlkLrUBOftwUz2IXqWCCIgHGhJxTs1lLFspIBM7PdMdTjfw==

nano-dom@^0.3.0:
  version "0.3.1"
  resolved "https://registry.yarnpkg.com/nano-dom/-/nano-dom-0.3.1.tgz#e43141fd64aac3ec676fdcf34db532a5b3614622"
  integrity sha512-4vT5Z8c4Rk5mqmlSfrLesgFVT58yXxmoivsZ1HiBiYxDC+Sw4Ykd+/UxLTLEr2U2CXVq966jzhAz/duMEhU53Q==
